
Microsoft Visual Studio Solution File, Format Version 12.00
# Visual Studio 2012
Project("{FAE04EC0-301F-11D3-BF4B-00C04F79EFBC}") = "MvcDemo", "MvcDemo\MvcDemo.csproj", "{806BAD5A-77D2-44F1-B597-04696513C601}"
EndProject
Project("{2150E333-8FDC-42A3-9474-1A3956D46DE8}") = ".nuget", ".nuget", "{DB61784A-D591-46F5-833B-1A39810022A9}"
	ProjectSection(SolutionItems) = preProject
		.nuget\NuGet.Config = .nuget\NuGet.Config
		.nuget\NuGet.exe = .nuget\NuGet.exe
		.nuget\NuGet.targets = .nuget\NuGet.targets
	EndProjectSection
EndProject
Global
	GlobalSection(SolutionConfigurationPlatforms) = preSolution
		Debug|Any CPU = Debug|Any CPU
		Release|Any CPU = Release|Any CPU
	EndGlobalSection
	GlobalSection(ProjectConfigurationPlatforms) = postSolution
		{806BAD5A-77D2-44F1-B597-04696513C601}.Debug|Any CPU.ActiveCfg = Debug|Any CPU
		{806BAD5A-77D2-44F1-B597-04696513C601}.Debug|Any CPU.Build.0 = Debug|Any CPU
		{806BAD5A-77D2-44F1-B597-04696513C601}.Release|Any CPU.ActiveCfg = Release|Any CPU
		{806BAD5A-77D2-44F1-B597-04696513C601}.Release|Any CPU.Build.0 = Release|Any CPU
	EndGlobalSection
	GlobalSection(SolutionProperties) = preSolution
		HideSolutionNode = FALSE
	EndGlobalSection
EndGlobal
